Microsoft Visual Studio Solution File, Format Version 12.00
# Visual Studio 15
VisualStudioVersion = 15.0.26403.7
MinimumVisualStudioVersion = 10.0.40219.1
Project("{FAE04EC0-301F-11D3-BF4B-00C04F79EFBC}") = "ToDoList", "ToDoList\ToDoList.csproj", "{CB142C85-B934-4E58-AE4A-9875FD940791}"
EndProject
Project("{FAE04EC0-301F-11D3-BF4B-00C04F79EFBC}") = "ToDoList.iOS", "iOS\ToDoList.iOS.csproj", "{64B0C5C1-35FF-4B44-A76B-FB66920B1133}"
EndProject
Project("{FAE04EC0-301F-11D3-BF4B-00C04F79EFBC}") = "ToDoList.Droid", "Droid\ToDoList.Droid.csproj", "{5923DF7F-5943-449A-B877-CD02AC4ECE74}"
EndProject
Global
	GlobalSection(SolutionConfigurationPlatforms) = preSolution
		Debug|Any CPU = Debug|Any CPU
		Debug|iPhone = Debug|iPhone
		Debug|iPhoneSimulator = Debug|iPhoneSimulator
		Release|Any CPU = Release|Any CPU
		Release|iPhone = Release|iPhone
		Release|iPhoneSimulator = Release|iPhoneSimulator
	EndGlobalSection
	GlobalSection(ProjectConfigurationPlatforms) = postSolution
		{CB142C85-B934-4E58-AE4A-9875FD940791}.Debug|Any CPU.ActiveCfg = Debug|Any CPU
		{CB142C85-B934-4E58-AE4A-9875FD940791}.Debug|Any CPU.Build.0 = Debug|Any CPU
		{CB142C85-B934-4E58-AE4A-9875FD940791}.Debug|iPhone.ActiveCfg = Debug|Any CPU
		{CB142C85-B934-4E58-AE4A-9875FD940791}.Debug|iPhone.Build.0 = Debug|Any CPU
		{CB142C85-B934-4E58-AE4A-9875FD940791}.Debug|iPhoneSimulator.ActiveCfg = Debug|Any CPU
		{CB142C85-B934-4E58-AE4A-9875FD940791}.Debug|iPhoneSimulator.Build.0 = Debug|Any CPU
		{CB142C85-B934-4E58-AE4A-9875FD940791}.Release|Any CPU.ActiveCfg = Release|Any CPU
		{CB142C85-B934-4E58-AE4A-9875FD940791}.Release|Any CPU.Build.0 = Release|Any CPU
		{CB142C85-B934-4E58-AE4A-9875FD940791}.Release|iPhone.ActiveCfg = Release|Any CPU
		{CB142C85-B934-4E58-AE4A-9875FD940791}.Release|iPhone.Build.0 = Release|Any CPU
		{CB142C85-B934-4E58-AE4A-9875FD940791}.Release|iPhoneSimulator.ActiveCfg = Release|Any CPU
		{CB142C85-B934-4E58-AE4A-9875FD940791}.Release|iPhoneSimulator.Build.0 = Release|Any CPU
		{64B0C5C1-35FF-4B44-A76B-FB66920B1133}.Debug|Any CPU.ActiveCfg = Debug|iPhoneSimulator
		{64B0C5C1-35FF-4B44-A76B-FB66920B1133}.Debug|Any CPU.Build.0 = Debug|iPhoneSimulator
		{64B0C5C1-35FF-4B44-A76B-FB66920B1133}.Debug|iPhone.ActiveCfg = Debug|iPhone
		{64B0C5C1-35FF-4B44-A76B-FB66920B1133}.Debug|iPhone.Build.0 = Debug|iPhone
		{64B0C5C1-35FF-4B44-A76B-FB66920B1133}.Debug|iPhoneSimulator.ActiveCfg = Debug|iPhoneSimulator
		{64B0C5C1-35FF-4B44-A76B-FB66920B1133}.Debug|iPhoneSimulator.Build.0 = Debug|iPhoneSimulator
		{64B0C5C1-35FF-4B44-A76B-FB66920B1133}.Release|Any CPU.ActiveCfg = Release|iPhone
		{64B0C5C1-35FF-4B44-A76B-FB66920B1133}.Release|Any CPU.Build.0 = Release|iPhone
		{64B0C5C1-35FF-4B44-A76B-FB66920B1133}.Release|iPhone.ActiveCfg = Release|iPhone
		{64B0C5C1-35FF-4B44-A76B-FB66920B1133}.Release|iPhone.Build.0 = Release|iPhone
		{64B0C5C1-35FF-4B44-A76B-FB66920B1133}.Release|iPhoneSimulator.ActiveCfg = Release|iPhoneSimulator
		{64B0C5C1-35FF-4B44-A76B-FB66920B1133}.Release|iPhoneSimulator.Build.0 = Release|iPhoneSimulator
		{5923DF7F-5943-449A-B877-CD02AC4ECE74}.Debug|Any CPU.ActiveCfg = Debug|Any CPU
		{5923DF7F-5943-449A-B877-CD02AC4ECE74}.Debug|Any CPU.Build.0 = Debug|Any CPU
		{5923DF7F-5943-449A-B877-CD02AC4ECE74}.Debug|Any CPU.Deploy.0 = Debug|Any CPU
		{5923DF7F-5943-449A-B877-CD02AC4ECE74}.Debug|iPhone.ActiveCfg = Debug|Any CPU
		{5923DF7F-5943-449A-B877-CD02AC4ECE74}.Debug|iPhone.Build.0 = Debug|Any CPU
		{5923DF7F-5943-449A-B877-CD02AC4ECE74}.Debug|iPhoneSimulator.ActiveCfg = Debug|Any CPU
		{5923DF7F-5943-449A-B877-CD02AC4ECE74}.Debug|iPhoneSimulator.Build.0 = Debug|Any CPU
		{5923DF7F-5943-449A-B877-CD02AC4ECE74}.Release|Any CPU.ActiveCfg = Release|Any CPU
		{5923DF7F-5943-449A-B877-CD02AC4ECE74}.Release|Any CPU.Build.0 = Release|Any CPU
		{5923DF7F-5943-449A-B877-CD02AC4ECE74}.Release|iPhone.ActiveCfg = Release|Any CPU
		{5923DF7F-5943-449A-B877-CD02AC4ECE74}.Release|iPhone.Build.0 = Release|Any CPU
		{5923DF7F-5943-449A-B877-CD02AC4ECE74}.Release|iPhoneSimulator.ActiveCfg = Release|Any CPU
		{5923DF7F-5943-449A-B877-CD02AC4ECE74}.Release|iPhoneSimulator.Build.0 = Release|Any CPU
	EndGlobalSection
	GlobalSection(SolutionProperties) = preSolution
		HideSolutionNode = FALSE
	EndGlobalSection
EndGlobal
